// !$*UTF8*$!
{
	archiveVersion = 1;
	classes = {
	};
	objectVersion = 47;
	objects = {

/* Begin PBXBuildFile section */
		870282CB1C9C26B200FE1C61 /* PerformTest.cpp in Sources */ = {isa = PBXBuildFile; fileRef = 870282C91C9C26B200FE1C61 /* PerformTest.cpp */; };
		87234B331C93127D0050944B /* main.cpp in Sources */ = {isa = PBXBuildFile; fileRef = 8734967F1C92F29C00457A3D /* main.cpp */; };
		8761D91F1CAEA0D700A3D15F /* main.cpp in Sources */ = {isa = PBXBuildFile; fileRef = 8761D91E1CAEA0D700A3D15F /* main.cpp */; };
		8761D9261CAEA28A00A3D15F /* PerformTest.cpp in Sources */ = {isa = PBXBuildFile; fileRef = 8761D9241CAEA28A00A3D15F /* PerformTest.cpp */; };
		87B390711CA347B600A71082 /* main.cpp in Sources */ = {isa = PBXBuildFile; fileRef = 87B3905F1CA347B600A71082 /* main.cpp */; };
		87B390721CA347B600A71082 /* PerformTest.cpp in Sources */ = {isa = PBXBuildFile; fileRef = 87B390601CA347B600A71082 /* PerformTest.cpp */; };
/* End PBXBuildFile section */

/* Begin PBXCopyFilesBuildPhase section */
		8734967A1C92F29C00457A3D /* CopyFiles */ = {
			isa = PBXCopyFilesBuildPhase;
			buildActionMask = 2147483647;
			dstPath = /usr/share/man/man1/;
			dstSubfolderSpec = 0;
			files = (
			);
			runOnlyForDeploymentPostprocessing = 1;
		};
		8761D91A1CAEA0D700A3D15F /* CopyFiles */ = {
			isa = PBXCopyFilesBuildPhase;
			buildActionMask = 2147483647;
			dstPath = /usr/share/man/man1/;
			dstSubfolderSpec = 0;
			files = (
			);
			runOnlyForDeploymentPostprocessing = 1;
		};
		87B390551CA3478700A71082 /* CopyFiles */ = {
			isa = PBXCopyFilesBuildPhase;
			buildActionMask = 2147483647;
			dstPath = /usr/share/man/man1/;
			dstSubfolderSpec = 0;
			files = (
			);
			runOnlyForDeploymentPostprocessing = 1;
		};
/* End PBXCopyFilesBuildPhase section */

/* Begin PBXFileReference section */
		870282C91C9C26B200FE1C61 /* PerformTest.cpp */ = {isa = PBXFileReference; fileEncoding = 4; lastKnownFileType = sourcecode.cpp.cpp; path = PerformTest.cpp; sourceTree = "<group>"; };
		870282CA1C9C26B200FE1C61 /* PerformTest.hpp */ = {isa = PBXFileReference; fileEncoding = 4; lastKnownFileType = sourcecode.cpp.h; path = PerformTest.hpp; sourceTree = "<group>"; };
		870282D01C9C30B900FE1C61 /* Problem5.hpp */ = {isa = PBXFileReference; fileEncoding = 4; lastKnownFileType = sourcecode.cpp.h; path = Problem5.hpp; sourceTree = "<group>"; };
		870282D31C9C33F800FE1C61 /* Problem6.hpp */ = {isa = PBXFileReference; fileEncoding = 4; lastKnownFileType = sourcecode.cpp.h; path = Problem6.hpp; sourceTree = "<group>"; };
		870282D61C9C370200FE1C61 /* Problem7.hpp */ = {isa = PBXFileReference; fileEncoding = 4; lastKnownFileType = sourcecode.cpp.h; path = Problem7.hpp; sourceTree = "<group>"; };
		870282D91C9C404400FE1C61 /* Problem8.hpp */ = {isa = PBXFileReference; fileEncoding = 4; lastKnownFileType = sourcecode.cpp.h; path = Problem8.hpp; sourceTree = "<group>"; };
		871E60C91CA05797004724A6 /* Problem13.hpp */ = {isa = PBXFileReference; fileEncoding = 4; lastKnownFileType = sourcecode.cpp.h; path = Problem13.hpp; sourceTree = "<group>"; };
		871E60CC1CA058F6004724A6 /* Problem14.hpp */ = {isa = PBXFileReference; fileEncoding = 4; lastKnownFileType = sourcecode.cpp.h; path = Problem14.hpp; sourceTree = "<group>"; };
		8734967C1C92F29C00457A3D /* UTrees */ = {isa = PBXFileReference; explicitFileType = "compiled.mach-o.executable"; includeInIndex = 0; path = UTrees; sourceTree = BUILT_PRODUCTS_DIR; };
		8734967F1C92F29C00457A3D /* main.cpp */ = {isa = PBXFileReference; lastKnownFileType = sourcecode.cpp.cpp; path = main.cpp; sourceTree = "<group>"; };
		873496871C92F40300457A3D /* BNode.hpp */ = {isa = PBXFileReference; fileEncoding = 4; lastKnownFileType = sourcecode.cpp.h; path = BNode.hpp; sourceTree = "<group>"; };
		873496941C92FC7C00457A3D /* Problem3.hpp */ = {isa = PBXFileReference; fileEncoding = 4; lastKnownFileType = sourcecode.cpp.h; path = Problem3.hpp; sourceTree = "<group>"; };
		873496971C92FE1700457A3D /* Problem4.hpp */ = {isa = PBXFileReference; fileEncoding = 4; lastKnownFileType = sourcecode.cpp.h; path = Problem4.hpp; sourceTree = "<group>"; };
		87406E6C1CAEA6860083ECB8 /* ANode.hpp */ = {isa = PBXFileReference; lastKnownFileType = sourcecode.cpp.h; path = ANode.hpp; sourceTree = "<group>"; };
		87406E6E1CAEA9550083ECB8 /* Problem1.hpp */ = {isa = PBXFileReference; fileEncoding = 4; lastKnownFileType = sourcecode.cpp.h; path = Problem1.hpp; sourceTree = "<group>"; };
		87406E711CAEAFA20083ECB8 /* Problem2.hpp */ = {isa = PBXFileReference; fileEncoding = 4; lastKnownFileType = sourcecode.cpp.h; path = Problem2.hpp; sourceTree = "<group>"; };
		87406E741CAEB5520083ECB8 /* Problem3.hpp */ = {isa = PBXFileReference; fileEncoding = 4; lastKnownFileType = sourcecode.cpp.h; path = Problem3.hpp; sourceTree = "<group>"; };
		8761D91C1CAEA0D700A3D15F /* ATrees */ = {isa = PBXFileReference; explicitFileType = "compiled.mach-o.executable"; includeInIndex = 0; path = ATrees; sourceTree = BUILT_PRODUCTS_DIR; };
		8761D91E1CAEA0D700A3D15F /* main.cpp */ = {isa = PBXFileReference; lastKnownFileType = sourcecode.cpp.cpp; path = main.cpp; sourceTree = "<group>"; };
		8761D9241CAEA28A00A3D15F /* PerformTest.cpp */ = {isa = PBXFileReference; fileEncoding = 4; lastKnownFileType = sourcecode.cpp.cpp; path = PerformTest.cpp; sourceTree = "<group>"; };
		8761D9251CAEA28A00A3D15F /* PerformTest.hpp */ = {isa = PBXFileReference; fileEncoding = 4; lastKnownFileType = sourcecode.cpp.h; path = PerformTest.hpp; sourceTree = "<group>"; };
		87B3900B1CA27C7500A71082 /* Problem15.hpp */ = {isa = PBXFileReference; fileEncoding = 4; lastKnownFileType = sourcecode.cpp.h; path = Problem15.hpp; sourceTree = "<group>"; };
		87B390571CA3478700A71082 /* Binary Trees */ = {isa = PBXFileReference; explicitFileType = "compiled.mach-o.executable"; includeInIndex = 0; path = "Binary Trees"; sourceTree = BUILT_PRODUCTS_DIR; };
		87B3905E1CA347B600A71082 /* BNode.hpp */ = {isa = PBXFileReference; fileEncoding = 4; lastKnownFileType = sourcecode.cpp.h; path = BNode.hpp; sourceTree = "<group>"; };
		87B3905F1CA347B600A71082 /* main.cpp */ = {isa = PBXFileReference; fileEncoding = 4; lastKnownFileType = sourcecode.cpp.cpp; path = main.cpp; sourceTree = "<group>"; };
		87B390601CA347B600A71082 /* PerformTest.cpp */ = {isa = PBXFileReference; fileEncoding = 4; lastKnownFileType = sourcecode.cpp.cpp; path = PerformTest.cpp; sourceTree = "<group>"; };
		87B390611CA347B600A71082 /* PerformTest.hpp */ = {isa = PBXFileReference; fileEncoding = 4; lastKnownFileType = sourcecode.cpp.h; path = PerformTest.hpp; sourceTree = "<group>"; };
		87B390621CA347B600A71082 /* Problem1.hpp */ = {isa = PBXFileReference; fileEncoding = 4; lastKnownFileType = sourcecode.cpp.h; path = Problem1.hpp; sourceTree = "<group>"; };
		87B390631CA347B600A71082 /* Problem2.hpp */ = {isa = PBXFileReference; fileEncoding = 4; lastKnownFileType = sourcecode.cpp.h; path = Problem2.hpp; sourceTree = "<group>"; };
		87B390641CA347B600A71082 /* Problem3.hpp */ = {isa = PBXFileReference; fileEncoding = 4; lastKnownFileType = sourcecode.cpp.h; path = Problem3.hpp; sourceTree = "<group>"; };
		87B390651CA347B600A71082 /* Problem4.hpp */ = {isa = PBXFileReference; fileEncoding = 4; lastKnownFileType = sourcecode.cpp.h; path = Problem4.hpp; sourceTree = "<group>"; };
		87B390661CA347B600A71082 /* Problem5.hpp */ = {isa = PBXFileReference; fileEncoding = 4; lastKnownFileType = sourcecode.cpp.h; path = Problem5.hpp; sourceTree = "<group>"; };
		87B390671CA347B600A71082 /* Problem6.hpp */ = {isa = PBXFileReference; fileEncoding = 4; lastKnownFileType = sourcecode.cpp.h; path = Problem6.hpp; sourceTree = "<group>"; };
		87B390681CA347B600A71082 /* Problem7.hpp */ = {isa = PBXFileReference; fileEncoding = 4; lastKnownFileType = sourcecode.cpp.h; path = Problem7.hpp; sourceTree = "<group>"; };
		87B390691CA347B600A71082 /* Problem8.hpp */ = {isa = PBXFileReference; fileEncoding = 4; lastKnownFileType = sourcecode.cpp.h; path = Problem8.hpp; sourceTree = "<group>"; };
		87B3906A1CA347B600A71082 /* Problem9.hpp */ = {isa = PBXFileReference; fileEncoding = 4; lastKnownFileType = sourcecode.cpp.h; path = Problem9.hpp; sourceTree = "<group>"; };
		87B3906B1CA347B600A71082 /* Problem10.hpp */ = {isa = PBXFileReference; fileEncoding = 4; lastKnownFileType = sourcecode.cpp.h; path = Problem10.hpp; sourceTree = "<group>"; };
		87B3906C1CA347B600A71082 /* Problem11.hpp */ = {isa = PBXFileReference; fileEncoding = 4; lastKnownFileType = sourcecode.cpp.h; path = Problem11.hpp; sourceTree = "<group>"; };
		87B3906D1CA347B600A71082 /* Problem12.hpp */ = {isa = PBXFileReference; fileEncoding = 4; lastKnownFileType = sourcecode.cpp.h; path = Problem12.hpp; sourceTree = "<group>"; };
		87B3906E1CA347B600A71082 /* Problem13.hpp */ = {isa = PBXFileReference; fileEncoding = 4; lastKnownFileType = sourcecode.cpp.h; path = Problem13.hpp; sourceTree = "<group>"; };
		87B3906F1CA347B600A71082 /* Problem14.hpp */ = {isa = PBXFileReference; fileEncoding = 4; lastKnownFileType = sourcecode.cpp.h; path = Problem14.hpp; sourceTree = "<group>"; };
		87B390701CA347B600A71082 /* Problem15.hpp */ = {isa = PBXFileReference; fileEncoding = 4; lastKnownFileType = sourcecode.cpp.h; path = Problem15.hpp; sourceTree = "<group>"; };
/* End PBXFileReference section */

/* Begin PBXFrameworksBuildPhase section */
		873496791C92F29C00457A3D /* Frameworks */ = {
			isa = PBXFrameworksBuildPhase;
			buildActionMask = 2147483647;
			files = (
			);
			runOnlyForDeploymentPostprocessing = 0;
		};
		8761D9191CAEA0D700A3D15F /* Frameworks */ = {
			isa = PBXFrameworksBuildPhase;
			buildActionMask = 2147483647;
			files = (
			);
			runOnlyForDeploymentPostprocessing = 0;
		};
		87B390541CA3478700A71082 /* Frameworks */ = {
			isa = PBXFrameworksBuildPhase;
			buildActionMask = 2147483647;
			files = (
			);
			runOnlyForDeploymentPostprocessing = 0;
		};
/* End PBXFrameworksBuildPhase section */

/* Begin PBXGroup section */
		873496731C92F29C00457A3D = {
			isa = PBXGroup;
			children = (
				8734967E1C92F29C00457A3D /* UTrees */,
				87B390581CA3478700A71082 /* Binary Trees */,
				8761D91D1CAEA0D700A3D15F /* ATrees */,
				8734967D1C92F29C00457A3D /* Products */,
			);
			sourceTree = "<group>";
		};
		8734967D1C92F29C00457A3D /* Products */ = {
			isa = PBXGroup;
			children = (
				8734967C1C92F29C00457A3D /* UTrees */,
				87B390571CA3478700A71082 /* Binary Trees */,
				8761D91C1CAEA0D700A3D15F /* ATrees */,
			);
			name = Products;
			sourceTree = "<group>";
		};
		8734967E1C92F29C00457A3D /* UTrees */ = {
			isa = PBXGroup;
			children = (
				8734967F1C92F29C00457A3D /* main.cpp */,
				873496871C92F40300457A3D /* BNode.hpp */,
				870282C91C9C26B200FE1C61 /* PerformTest.cpp */,
				870282CA1C9C26B200FE1C61 /* PerformTest.hpp */,
				873496941C92FC7C00457A3D /* Problem3.hpp */,
				873496971C92FE1700457A3D /* Problem4.hpp */,
				870282D01C9C30B900FE1C61 /* Problem5.hpp */,
				870282D31C9C33F800FE1C61 /* Problem6.hpp */,
				870282D61C9C370200FE1C61 /* Problem7.hpp */,
				870282D91C9C404400FE1C61 /* Problem8.hpp */,
				871E60C91CA05797004724A6 /* Problem13.hpp */,
				871E60CC1CA058F6004724A6 /* Problem14.hpp */,
				87B3900B1CA27C7500A71082 /* Problem15.hpp */,
			);
			path = UTrees;
			sourceTree = "<group>";
		};
		8761D91D1CAEA0D700A3D15F /* ATrees */ = {
			isa = PBXGroup;
			children = (
				8761D91E1CAEA0D700A3D15F /* main.cpp */,
				87406E6C1CAEA6860083ECB8 /* ANode.hpp */,
				8761D9241CAEA28A00A3D15F /* PerformTest.cpp */,
				8761D9251CAEA28A00A3D15F /* PerformTest.hpp */,
				87406E6E1CAEA9550083ECB8 /* Problem1.hpp */,
				87406E711CAEAFA20083ECB8 /* Problem2.hpp */,
				87406E741CAEB5520083ECB8 /* Problem3.hpp */,
			);
			path = ATrees;
			sourceTree = "<group>";
		};
		87B390581CA3478700A71082 /* Binary Trees */ = {
			isa = PBXGroup;
			children = (
				87B3905F1CA347B600A71082 /* main.cpp */,
				87B3905E1CA347B600A71082 /* BNode.hpp */,
				87B390601CA347B600A71082 /* PerformTest.cpp */,
				87B390611CA347B600A71082 /* PerformTest.hpp */,
				87B390621CA347B600A71082 /* Problem1.hpp */,
				87B390631CA347B600A71082 /* Problem2.hpp */,
				87B390641CA347B600A71082 /* Problem3.hpp */,
				87B390651CA347B600A71082 /* Problem4.hpp */,
				87B390661CA347B600A71082 /* Problem5.hpp */,
				87B390671CA347B600A71082 /* Problem6.hpp */,
				87B390681CA347B600A71082 /* Problem7.hpp */,
				87B390691CA347B600A71082 /* Problem8.hpp */,
				87B3906A1CA347B600A71082 /* Problem9.hpp */,
				87B3906B1CA347B600A71082 /* Problem10.hpp */,
				87B3906C1CA347B600A71082 /* Problem11.hpp */,
				87B3906D1CA347B600A71082 /* Problem12.hpp */,
				87B3906E1CA347B600A71082 /* Problem13.hpp */,
				87B3906F1CA347B600A71082 /* Problem14.hpp */,
				87B390701CA347B600A71082 /* Problem15.hpp */,
			);
			path = "Binary Trees";
			sourceTree = "<group>";
		};
/* End PBXGroup section */

/* Begin PBXNativeTarget section */
		8734967B1C92F29C00457A3D /* UTrees */ = {
			isa = PBXNativeTarget;
			buildConfigurationList = 873496831C92F29C00457A3D /* Build configuration list for PBXNativeTarget "UTrees" */;
			buildPhases = (
				873496781C92F29C00457A3D /* Sources */,
				873496791C92F29C00457A3D /* Frameworks */,
				8734967A1C92F29C00457A3D /* CopyFiles */,
			);
			buildRules = (
			);
			dependencies = (
			);
			name = UTrees;
			productName = "Programming Practice";
			productReference = 8734967C1C92F29C00457A3D /* UTrees */;
			productType = "com.apple.product-type.tool";
		};
		8761D91B1CAEA0D700A3D15F /* ATrees */ = {
			isa = PBXNativeTarget;
			buildConfigurationList = 8761D9221CAEA0D700A3D15F /* Build configuration list for PBXNativeTarget "ATrees" */;
			buildPhases = (
				8761D9181CAEA0D700A3D15F /* Sources */,
				8761D9191CAEA0D700A3D15F /* Frameworks */,
				8761D91A1CAEA0D700A3D15F /* CopyFiles */,
			);
			buildRules = (
			);
			dependencies = (
			);
			name = ATrees;
			productName = ATrees;
			productReference = 8761D91C1CAEA0D700A3D15F /* ATrees */;
			productType = "com.apple.product-type.tool";
		};
		87B390561CA3478700A71082 /* Binary Trees */ = {
			isa = PBXNativeTarget;
			buildConfigurationList = 87B3905B1CA3478700A71082 /* Build configuration list for PBXNativeTarget "Binary Trees" */;
			buildPhases = (
				87B390531CA3478700A71082 /* Sources */,
				87B390541CA3478700A71082 /* Frameworks */,
				87B390551CA3478700A71082 /* CopyFiles */,
			);
			buildRules = (
			);
			dependencies = (
			);
			name = "Binary Trees";
			productName = "Binary Trees";
			productReference = 87B390571CA3478700A71082 /* Binary Trees */;
			productType = "com.apple.product-type.tool";
		};
/* End PBXNativeTarget section */

/* Begin PBXProject section */
		873496741C92F29C00457A3D /* Project object */ = {
			isa = PBXProject;
			attributes = {
				LastUpgradeCheck = 0730;
				ORGANIZATIONNAME = "Sergej Jaskiewicz";
				TargetAttributes = {
					8734967B1C92F29C00457A3D = {
						CreatedOnToolsVersion = 7.3;
					};
					8761D91B1CAEA0D700A3D15F = {
						CreatedOnToolsVersion = 7.3;
					};
					87B390561CA3478700A71082 = {
						CreatedOnToolsVersion = 7.3;
					};
				};
			};
			buildConfigurationList = 873496771C92F29C00457A3D /* Build configuration list for PBXProject "Trees" */;
			compatibilityVersion = "Xcode 6.3";
			developmentRegion = English;
			hasScannedForEncodings = 0;
			knownRegions = (
				en,
			);
			mainGroup = 873496731C92F29C00457A3D;
			productRefGroup = 8734967D1C92F29C00457A3D /* Products */;
			projectDirPath = "";
			projectRoot = "";
			targets = (
				8734967B1C92F29C00457A3D /* UTrees */,
				87B390561CA3478700A71082 /* Binary Trees */,
				8761D91B1CAEA0D700A3D15F /* ATrees */,
			);
		};
/* End PBXProject section */

/* Begin PBXSourcesBuildPhase section */
		873496781C92F29C00457A3D /* Sources */ = {
			isa = PBXSourcesBuildPhase;
			buildActionMask = 2147483647;
			files = (
				87234B331C93127D0050944B /* main.cpp in Sources */,
				870282CB1C9C26B200FE1C61 /* PerformTest.cpp in Sources */,
			);
			runOnlyForDeploymentPostprocessing = 0;
		};
		8761D9181CAEA0D700A3D15F /* Sources */ = {
			isa = PBXSourcesBuildPhase;
			buildActionMask = 2147483647;
			files = (
				8761D91F1CAEA0D700A3D15F /* main.cpp in Sources */,
				8761D9261CAEA28A00A3D15F /* PerformTest.cpp in Sources */,
			);
			runOnlyForDeploymentPostprocessing = 0;
		};
		87B390531CA3478700A71082 /* Sources */ = {
			isa = PBXSourcesBuildPhase;
			buildActionMask = 2147483647;
			files = (
				87B390711CA347B600A71082 /* main.cpp in Sources */,
				87B390721CA347B600A71082 /* PerformTest.cpp in Sources */,
			);
			runOnlyForDeploymentPostprocessing = 0;
		};
/* End PBXSourcesBuildPhase section */

/* Begin XCBuildConfiguration section */
		873496811C92F29C00457A3D /* Debug */ = {
			isa = XCBuildConfiguration;
			buildSettings = {
				ALWAYS_SEARCH_USER_PATHS = NO;
				ARCHS = "$(ARCHS_STANDARD)";
				CLANG_ANALYZER_NONNULL = YES;
				CLANG_CXX_LANGUAGE_STANDARD = "gnu++0x";
				CLANG_CXX_LIBRARY = "libc++";
				CLANG_ENABLE_MODULES = YES;
				CLANG_ENABLE_OBJC_ARC = YES;
				CLANG_WARN_BOOL_CONVERSION = YES;
				CLANG_WARN_CONSTANT_CONVERSION = YES;
				CLANG_WARN_DIRECT_OBJC_ISA_USAGE = YES_ERROR;
				CLANG_WARN_DOCUMENTATION_COMMENTS = YES;
				CLANG_WARN_EMPTY_BODY = YES;
				CLANG_WARN_ENUM_CONVERSION = YES;
				CLANG_WARN_INT_CONVERSION = YES;
				CLANG_WARN_OBJC_ROOT_CLASS = YES_ERROR;
				CLANG_WARN_UNREACHABLE_CODE = YES;
				CLANG_WARN__DUPLICATE_METHOD_MATCH = YES;
				CODE_SIGN_IDENTITY = "-";
				COPY_PHASE_STRIP = NO;
				DEBUG_INFORMATION_FORMAT = dwarf;
				ENABLE_STRICT_OBJC_MSGSEND = YES;
				ENABLE_TESTABILITY = YES;
				GCC_C_LANGUAGE_STANDARD = gnu99;
				GCC_DYNAMIC_NO_PIC = NO;
				GCC_NO_COMMON_BLOCKS = YES;
				GCC_OPTIMIZATION_LEVEL = 0;
				GCC_PREPROCESSOR_DEFINITIONS = (
					"DEBUG=1",
					"$(inherited)",
				);
				GCC_WARN_64_TO_32_BIT_CONVERSION = YES;
				GCC_WARN_ABOUT_RETURN_TYPE = YES_ERROR;
				GCC_WARN_UNDECLARED_SELECTOR = YES;
				GCC_WARN_UNINITIALIZED_AUTOS = YES_AGGRESSIVE;
				GCC_WARN_UNUSED_FUNCTION = YES;
				GCC_WARN_UNUSED_VARIABLE = YES;
				MACOSX_DEPLOYMENT_TARGET = 10.11;
				MTL_ENABLE_DEBUG_INFO = YES;
				ONLY_ACTIVE_ARCH = YES;
				SDKROOT = macosx;
			};
			name = Debug;
		};
		873496821C92F29C00457A3D /* Release */ = {
			isa = XCBuildConfiguration;
			buildSettings = {
				ALWAYS_SEARCH_USER_PATHS = NO;
				ARCHS = "$(ARCHS_STANDARD)";
				CLANG_ANALYZER_NONNULL = YES;
				CLANG_CXX_LANGUAGE_STANDARD = "gnu++0x";
				CLANG_CXX_LIBRARY = "libc++";
				CLANG_ENABLE_MODULES = YES;
				CLANG_ENABLE_OBJC_ARC = YES;
				CLANG_WARN_BOOL_CONVERSION = YES;
				CLANG_WARN_CONSTANT_CONVERSION = YES;
				CLANG_WARN_DIRECT_OBJC_ISA_USAGE = YES_ERROR;
				CLANG_WARN_DOCUMENTATION_COMMENTS = YES;
				CLANG_WARN_EMPTY_BODY = YES;
				CLANG_WARN_ENUM_CONVERSION = YES;
				CLANG_WARN_INT_CONVERSION = YES;
				CLANG_WARN_OBJC_ROOT_CLASS = YES_ERROR;
				CLANG_WARN_UNREACHABLE_CODE = YES;
				CLANG_WARN__DUPLICATE_METHOD_MATCH = YES;
				CODE_SIGN_IDENTITY = "-";
				COPY_PHASE_STRIP = NO;
				DEBUG_INFORMATION_FORMAT = "dwarf-with-dsym";
				ENABLE_NS_ASSERTIONS = NO;
				ENABLE_STRICT_OBJC_MSGSEND = YES;
				GCC_C_LANGUAGE_STANDARD = gnu99;
				GCC_NO_COMMON_BLOCKS = YES;
				GCC_WARN_64_TO_32_BIT_CONVERSION = YES;
				GCC_WARN_ABOUT_RETURN_TYPE = YES_ERROR;
				GCC_WARN_UNDECLARED_SELECTOR = YES;
				GCC_WARN_UNINITIALIZED_AUTOS = YES_AGGRESSIVE;
				GCC_WARN_UNUSED_FUNCTION = YES;
				GCC_WARN_UNUSED_VARIABLE = YES;
				MACOSX_DEPLOYMENT_TARGET = 10.11;
				MTL_ENABLE_DEBUG_INFO = NO;
				SDKROOT = macosx;
			};
			name = Release;
		};
		873496841C92F29C00457A3D /* Debug */ = {
			isa = XCBuildConfiguration;
			buildSettings = {
				ARCHS = "$(ARCHS_STANDARD)";
				CLANG_WARN_DOCUMENTATION_COMMENTS = YES;
				OTHER_LDFLAGS = "";
				PRODUCT_NAME = UTrees;
			};
			name = Debug;
		};
		873496851C92F29C00457A3D /* Release */ = {
			isa = XCBuildConfiguration;
			buildSettings = {
				ARCHS = "$(ARCHS_STANDARD)";
				CLANG_WARN_DOCUMENTATION_COMMENTS = YES;
				OTHER_LDFLAGS = "";
				PRODUCT_NAME = UTrees;
			};
			name = Release;
		};
		8761D9201CAEA0D700A3D15F /* Debug */ = {
			isa = XCBuildConfiguration;
			buildSettings = {
				PRODUCT_NAME = "$(TARGET_NAME)";
			};
			name = Debug;
		};
		8761D9211CAEA0D700A3D15F /* Release */ = {
			isa = XCBuildConfiguration;
			buildSettings = {
				PRODUCT_NAME = "$(TARGET_NAME)";
			};
			name = Release;
		};
		87B3905C1CA3478700A71082 /* Debug */ = {
			isa = XCBuildConfiguration;
			buildSettings = {
				PRODUCT_NAME = "$(TARGET_NAME)";
			};
			name = Debug;
		};
		87B3905D1CA3478700A71082 /* Release */ = {
			isa = XCBuildConfiguration;
			buildSettings = {
				PRODUCT_NAME = "$(TARGET_NAME)";
			};
			name = Release;
		};
/* End XCBuildConfiguration section */

/* Begin XCConfigurationList section */
		873496771C92F29C00457A3D /* Build configuration list for PBXProject "Trees" */ = {
			isa = XCConfigurationList;
			buildConfigurations = (
				873496811C92F29C00457A3D /* Debug */,
				873496821C92F29C00457A3D /* Release */,
			);
			defaultConfigurationIsVisible = 0;
			defaultConfigurationName = Release;
		};
		873496831C92F29C00457A3D /* Build configuration list for PBXNativeTarget "UTrees" */ = {
			isa = XCConfigurationList;
			buildConfigurations = (
				873496841C92F29C00457A3D /* Debug */,
				873496851C92F29C00457A3D /* Release */,
			);
			defaultConfigurationIsVisible = 0;
			defaultConfigurationName = Release;
		};
		8761D9221CAEA0D700A3D15F /* Build configuration list for PBXNativeTarget "ATrees" */ = {
			isa = XCConfigurationList;
			buildConfigurations = (
				8761D9201CAEA0D700A3D15F /* Debug */,
				8761D9211CAEA0D700A3D15F /* Release */,
			);
			defaultConfigurationIsVisible = 0;
			defaultConfigurationName = Release;
		};
		87B3905B1CA3478700A71082 /* Build configuration list for PBXNativeTarget "Binary Trees" */ = {
			isa = XCConfigurationList;
			buildConfigurations = (
				87B3905C1CA3478700A71082 /* Debug */,
				87B3905D1CA3478700A71082 /* Release */,
			);
			defaultConfigurationIsVisible = 0;
			defaultConfigurationName = Release;
		};
/* End XCConfigurationList section */
	};
	rootObject = 873496741C92F29C00457A3D /* Project object */;
}
